
Microsoft Visual Studio Solution File, Format Version 12.00
# Visual Studio Version 17
VisualStudioVersion = 17.14.36310.24 d17.14
MinimumVisualStudioVersion = 10.0.40219.1
Project("{FAE04EC0-301F-11D3-BF4B-00C04F79EFBC}") = "lab1", "lab1.csproj", "{E76580D0-FDA6-4263-B1F8-427B244761C0}"
EndProject
Global
	GlobalSection(SolutionConfigurationPlatforms) = preSolution
		Debug|Any CPU = Debug|Any CPU
		Release|Any CPU = Release|Any CPU
	EndGlobalSection
	GlobalSection(ProjectConfigurationPlatforms) = postSolution
		{E76580D0-FDA6-4263-B1F8-427B244761C0}.Debug|Any CPU.ActiveCfg = Debug|Any CPU
		{E76580D0-FDA6-4263-B1F8-427B244761C0}.Debug|Any CPU.Build.0 = Debug|Any CPU
		{E76580D0-FDA6-4263-B1F8-427B244761C0}.Release|Any CPU.ActiveCfg = Release|Any CPU
		{E76580D0-FDA6-4263-B1F8-427B244761C0}.Release|Any CPU.Build.0 = Release|Any CPU
	EndGlobalSection
	GlobalSection(SolutionProperties) = preSolution
		HideSolutionNode = FALSE
	EndGlobalSection
	GlobalSection(ExtensibilityGlobals) = postSolution
		SolutionGuid = {438C3E94-8C73-4B82-B9AA-D9CAC342AC3D}
	EndGlobalSection
EndGlobal
